
Microsoft Visual Studio Solution File, Format Version 12.00
# Visual Studio 15
VisualStudioVersion = 15.0.28307.852
MinimumVisualStudioVersion = 10.0.40219.1
Project("{FAE04EC0-301F-11D3-BF4B-00C04F79EFBC}") = "ControlDeEventos", "ControlDeEventos\ControlDeEventos.csproj", "{0E597FC9-7171-484A-86DA-D1E0506360A7}"
EndProject
Global
	GlobalSection(SolutionConfigurationPlatforms) = preSolution
		Debug|Any CPU = Debug|Any CPU
		Release|Any CPU = Release|Any CPU
	EndGlobalSection
	GlobalSection(ProjectConfigurationPlatforms) = postSolution
		{0E597FC9-7171-484A-86DA-D1E0506360A7}.Debug|Any CPU.ActiveCfg = Debug|Any CPU
		{0E597FC9-7171-484A-86DA-D1E0506360A7}.Debug|Any CPU.Build.0 = Debug|Any CPU
		{0E597FC9-7171-484A-86DA-D1E0506360A7}.Release|Any CPU.ActiveCfg = Release|Any CPU
		{0E597FC9-7171-484A-86DA-D1E0506360A7}.Release|Any CPU.Build.0 = Release|Any CPU
	EndGlobalSection
	GlobalSection(SolutionProperties) = preSolution
		HideSolutionNode = FALSE
	EndGlobalSection
	GlobalSection(ExtensibilityGlobals) = postSolution
		SolutionGuid = {A1D0B512-6739-404A-ACD1-43AB024C5A3E}
	EndGlobalSection
EndGlobal
